
Microsoft Visual Studio Solution File, Format Version 12.00
# Visual Studio Version 16
VisualStudioVersion = 16.0.31410.357
MinimumVisualStudioVersion = 10.0.40219.1
Project("{FAE04EC0-301F-11D3-BF4B-00C04F79EFBC}") = "QAPP.WebAPI", "QAPP.WebAPI\QAPP.WebAPI.csproj", "{192F59F0-B96D-4DD5-BBFD-D1EE0232E493}"
EndProject
Global
	GlobalSection(SolutionConfigurationPlatforms) = preSolution
		Debug|Any CPU = Debug|Any CPU
		Release|Any CPU = Release|Any CPU
	EndGlobalSection
	GlobalSection(ProjectConfigurationPlatforms) = postSolution
		{192F59F0-B96D-4DD5-BBFD-D1EE0232E493}.Debug|Any CPU.ActiveCfg = Debug|Any CPU
		{192F59F0-B96D-4DD5-BBFD-D1EE0232E493}.Debug|Any CPU.Build.0 = Debug|Any CPU
		{192F59F0-B96D-4DD5-BBFD-D1EE0232E493}.Release|Any CPU.ActiveCfg = Release|Any CPU
		{192F59F0-B96D-4DD5-BBFD-D1EE0232E493}.Release|Any CPU.Build.0 = Release|Any CPU
	EndGlobalSection
	GlobalSection(SolutionProperties) = preSolution
		HideSolutionNode = FALSE
	EndGlobalSection
	GlobalSection(ExtensibilityGlobals) = postSolution
		SolutionGuid = {9CA690C5-0C45-48B6-9046-CFA1C997DBEF}
	EndGlobalSection
EndGlobal
